PODS:
  - Alamofire (5.6.2)
  - pal2 (0.1.0):
    - Alamofire
    - Pulsator
  - Pulsator (0.6.0)

DEPENDENCIES:
  - pal2 (from `../`)

SPEC REPOS:
  trunk:
    - Alamofire
    - Pulsator

EXTERNAL SOURCES:
  pal2:
    :path: "../"

SPEC CHECKSUMS:
  Alamofire: d368e1ff8a298e6dde360e35a3e68e6c610e7204
  pal2: f6a445ddc3a74c3d5fe0370d79e8f9a17d8fb9ff
  Pulsator: eb5a9f9be4bdcbd19903984c65deca6aabe50a17

PODFILE CHECKSUM: 4f9467e593f31b3236330eb7813d277eadd31359

COCOAPODS: 1.11.3
